
Microsoft Visual Studio Solution File, Format Version 12.00
# Visual Studio 15
VisualStudioVersion = 15.0.26228.9
MinimumVisualStudioVersion = 10.0.40219.1
Project("{FAE04EC0-301F-11D3-BF4B-00C04F79EFBC}") = "WebApplication-Demo", "WebApplication-Demo\WebApplication-Demo.csproj", "{B4E0B282-BE22-47B0-96C4-94CB13A6E74D}"
EndProject
Project("{151D2E53-A2C4-4D7D-83FE-D05416EBD58E}") = "AzureResourceGroup1", "AzureResourceGroup1\AzureResourceGroup1.deployproj", "{28BE2256-AA1C-4EEC-8B69-DD8EDAB7B10C}"
EndProject
Global
	GlobalSection(SolutionConfigurationPlatforms) = preSolution
		Debug|Any CPU = Debug|Any CPU
		Release|Any CPU = Release|Any CPU
	EndGlobalSection
	GlobalSection(ProjectConfigurationPlatforms) = postSolution
		{B4E0B282-BE22-47B0-96C4-94CB13A6E74D}.Debug|Any CPU.ActiveCfg = Debug|Any CPU
		{B4E0B282-BE22-47B0-96C4-94CB13A6E74D}.Debug|Any CPU.Build.0 = Debug|Any CPU
		{B4E0B282-BE22-47B0-96C4-94CB13A6E74D}.Release|Any CPU.ActiveCfg = Release|Any CPU
		{B4E0B282-BE22-47B0-96C4-94CB13A6E74D}.Release|Any CPU.Build.0 = Release|Any CPU
		{28BE2256-AA1C-4EEC-8B69-DD8EDAB7B10C}.Debug|Any CPU.ActiveCfg = Debug|Any CPU
		{28BE2256-AA1C-4EEC-8B69-DD8EDAB7B10C}.Debug|Any CPU.Build.0 = Debug|Any CPU
		{28BE2256-AA1C-4EEC-8B69-DD8EDAB7B10C}.Release|Any CPU.ActiveCfg = Release|Any CPU
		{28BE2256-AA1C-4EEC-8B69-DD8EDAB7B10C}.Release|Any CPU.Build.0 = Release|Any CPU
	EndGlobalSection
	GlobalSection(SolutionProperties) = preSolution
		HideSolutionNode = FALSE
	EndGlobalSection
EndGlobal
